{
  "name": "awatif-data-structure",
  "version": "0.0.10",
  "lockfileVersion": 3,
  "requires": true,
  "packages": {
    "": {
      "name": "awatif-data-structure",
      "version": "0.0.10",
      "license": "MIT",
      "dependencies": {
        "awatif-data-structure": "^0.0.11",
        "awatif-design": "^0.0.11",
        "awatif-fem": "^0.0.11",
        "awatif-ui": "^0.0.11"
      }
    },
    "node_modules/@babel/runtime": {
      "version": "7.24.5",
      "resolved": "https://registry.npmjs.org/@babel/runtime/-/runtime-7.24.5.tgz",
      "integrity": "sha512-Nms86NXrsaeU9vbBJKni6gXiEXZ4CVpYVzEjDH9Sb8vmZ3UljyA1GSOJl/6LGPO8EHLuSF9H+IxNXHPX8QHJ4g==",
      "dependencies": {
        "regenerator-runtime": "^0.14.0"
      },
      "engines": {
        "node": ">=6.9.0"
      }
    },
    "node_modules/@types/trusted-types": {
      "version": "2.0.7",
      "resolved": "https://registry.npmjs.org/@types/trusted-types/-/trusted-types-2.0.7.tgz",
      "integrity": "sha512-ScaPdn1dQczgbl0QFTeTOmVHFULt394XJgOQNoyVhZ6r2vLnMLJfBPd53SB52T/3G36VI1/g2MZaX0cwDuXsfw=="
    },
    "node_modules/awatif-data-structure": {
      "version": "0.0.11",
      "resolved": "https://registry.npmjs.org/awatif-data-structure/-/awatif-data-structure-0.0.11.tgz",
      "integrity": "sha512-dHyGejioFwlfWNSGSpOwZK00hqOFG8GcDQMbSXvZTbcca27IxYMx2YXUXvGCJJpzNwfHCZBfWsaFgFWiofXMPg=="
    },
    "node_modules/awatif-design": {
      "version": "0.0.11",
      "resolved": "https://registry.npmjs.org/awatif-design/-/awatif-design-0.0.11.tgz",
      "integrity": "sha512-IS8Zo2LgQ90t0x402QyBcPv8mxvjeZaRcby/QPUbtNtL9nFzwWlZUBvsOqQIPPAnXjXOafbUfaqaKR0GPhM54g==",
      "dependencies": {
        "katex": "^0.16.10",
        "lit-html": "^3.1.2",
        "three": "^0.164.1"
      }
    },
    "node_modules/awatif-fem": {
      "version": "0.0.11",
      "resolved": "https://registry.npmjs.org/awatif-fem/-/awatif-fem-0.0.11.tgz",
      "integrity": "sha512-2zsK9gZNS3ezaAsoQhJQk8fXERcPAjjoy+w85DTTBeya15TiMoAtddLPhV7Z5P0Qx8htyel8w73MCNLipLILtw==",
      "dependencies": {
        "mathjs": "~12.4.1"
      }
    },
    "node_modules/awatif-ui": {
      "version": "0.0.11",
      "resolved": "https://registry.npmjs.org/awatif-ui/-/awatif-ui-0.0.11.tgz",
      "integrity": "sha512-5zaMvgjmoncGMgIzlFttRu+XE8cuEaMPp0+FgpyX6aHBhLZ+yLDEIXzYN2kSZFJz3uQGbN+YNEgayU5JFN+9Zw==",
      "dependencies": {
        "lit-html": "^3.1.3",
        "three": "~0.163.0",
        "tweakpane": "~4.0.3",
        "vanjs-core": "~1.4.1"
      }
    },
    "node_modules/awatif-ui/node_modules/three": {
      "version": "0.163.0",
      "resolved": "https://registry.npmjs.org/three/-/three-0.163.0.tgz",
      "integrity": "sha512-HlMgCb2TF/dTLRtknBnjUTsR8FsDqBY43itYop2+Zg822I+Kd0Ua2vs8CvfBVefXkBdNDrLMoRTGCIIpfCuDew=="
    },
    "node_modules/commander": {
      "version": "8.3.0",
      "resolved": "https://registry.npmjs.org/commander/-/commander-8.3.0.tgz",
      "integrity": "sha512-OkTL9umf+He2DZkUq8f8J9of7yL6RJKI24dVITBmNfZBmri9zYZQrKkuXiKhyfPSu8tUhnVBB1iKXevvnlR4Ww==",
      "engines": {
        "node": ">= 12"
      }
    },
    "node_modules/complex.js": {
      "version": "2.1.1",
      "resolved": "https://registry.npmjs.org/complex.js/-/complex.js-2.1.1.tgz",
      "integrity": "sha512-8njCHOTtFFLtegk6zQo0kkVX1rngygb/KQI6z1qZxlFI3scluC+LVTCFbrkWjBv4vvLlbQ9t88IPMC6k95VTTg==",
      "engines": {
        "node": "*"
      },
      "funding": {
        "type": "patreon",
        "url": "https://www.patreon.com/infusion"
      }
    },
    "node_modules/decimal.js": {
      "version": "10.4.3",
      "resolved": "https://registry.npmjs.org/decimal.js/-/decimal.js-10.4.3.tgz",
      "integrity": "sha512-VBBaLc1MgL5XpzgIP7ny5Z6Nx3UrRkIViUkPUdtl9aya5amy3De1gsUUSB1g3+3sExYNjCAsAznmukyxCb1GRA=="
    },
    "node_modules/escape-latex": {
      "version": "1.2.0",
      "resolved": "https://registry.npmjs.org/escape-latex/-/escape-latex-1.2.0.tgz",
      "integrity": "sha512-nV5aVWW1K0wEiUIEdZ4erkGGH8mDxGyxSeqPzRNtWP7ataw+/olFObw7hujFWlVjNsaDFw5VZ5NzVSIqRgfTiw=="
    },
    "node_modules/fraction.js": {
      "version": "4.3.4",
      "resolved": "https://registry.npmjs.org/fraction.js/-/fraction.js-4.3.4.tgz",
      "integrity": "sha512-pwiTgt0Q7t+GHZA4yaLjObx4vXmmdcS0iSJ19o8d/goUGgItX9UZWKWNnLHehxviD8wU2IWRsnR8cD5+yOJP2Q==",
      "engines": {
        "node": "*"
      },
      "funding": {
        "type": "patreon",
        "url": "https://github.com/sponsors/rawify"
      }
    },
    "node_modules/javascript-natural-sort": {
      "version": "0.7.1",
      "resolved": "https://registry.npmjs.org/javascript-natural-sort/-/javascript-natural-sort-0.7.1.tgz",
      "integrity": "sha512-nO6jcEfZWQXDhOiBtG2KvKyEptz7RVbpGP4vTD2hLBdmNQSsCiicO2Ioinv6UI4y9ukqnBpy+XZ9H6uLNgJTlw=="
    },
    "node_modules/katex": {
      "version": "0.16.10",
      "resolved": "https://registry.npmjs.org/katex/-/katex-0.16.10.tgz",
      "integrity": "sha512-ZiqaC04tp2O5utMsl2TEZTXxa6WSC4yo0fv5ML++D3QZv/vx2Mct0mTlRx3O+uUkjfuAgOkzsCmq5MiUEsDDdA==",
      "funding": [
        "https://opencollective.com/katex",
        "https://github.com/sponsors/katex"
      ],
      "dependencies": {
        "commander": "^8.3.0"
      },
      "bin": {
        "katex": "cli.js"
      }
    },
    "node_modules/lit-html": {
      "version": "3.1.3",
      "resolved": "https://registry.npmjs.org/lit-html/-/lit-html-3.1.3.tgz",
      "integrity": "sha512-FwIbqDD8O/8lM4vUZ4KvQZjPPNx7V1VhT7vmRB8RBAO0AU6wuTVdoXiu2CivVjEGdugvcbPNBLtPE1y0ifplHA==",
      "dependencies": {
        "@types/trusted-types": "^2.0.2"
      }
    },
    "node_modules/mathjs": {
      "version": "12.4.2",
      "resolved": "https://registry.npmjs.org/mathjs/-/mathjs-12.4.2.tgz",
      "integrity": "sha512-lW14EzwAFgbNN7AZikxplmhs7wiXDhMphBOGCA3KS6T29ECEkHJsBtbEW5cnCz7sXtl4nDyvTdR+DqVsZyiiEw==",
      "dependencies": {
        "@babel/runtime": "^7.24.4",
        "complex.js": "^2.1.1",
        "decimal.js": "^10.4.3",
        "escape-latex": "^1.2.0",
        "fraction.js": "4.3.4",
        "javascript-natural-sort": "^0.7.1",
        "seedrandom": "^3.0.5",
        "tiny-emitter": "^2.1.0",
        "typed-function": "^4.1.1"
      },
      "bin": {
        "mathjs": "bin/cli.js"
      },
      "engines": {
        "node": ">= 18"
      }
    },
    "node_modules/regenerator-runtime": {
      "version": "0.14.1",
      "resolved": "https://registry.npmjs.org/regenerator-runtime/-/regenerator-runtime-0.14.1.tgz",
      "integrity": "sha512-dYnhHh0nJoMfnkZs6GmmhFknAGRrLznOu5nc9ML+EJxGvrx6H7teuevqVqCuPcPK//3eDrrjQhehXVx9cnkGdw=="
    },
    "node_modules/seedrandom": {
      "version": "3.0.5",
      "resolved": "https://registry.npmjs.org/seedrandom/-/seedrandom-3.0.5.tgz",
      "integrity": "sha512-8OwmbklUNzwezjGInmZ+2clQmExQPvomqjL7LFqOYqtmuxRgQYqOD3mHaU+MvZn5FLUeVxVfQjwLZW/n/JFuqg=="
    },
    "node_modules/three": {
      "version": "0.164.1",
      "resolved": "https://registry.npmjs.org/three/-/three-0.164.1.tgz",
      "integrity": "sha512-iC/hUBbl1vzFny7f5GtqzVXYjMJKaTPxiCxXfrvVdBi1Sf+jhd1CAkitiFwC7mIBFCo3MrDLJG97yisoaWig0w=="
    },
    "node_modules/tiny-emitter": {
      "version": "2.1.0",
      "resolved": "https://registry.npmjs.org/tiny-emitter/-/tiny-emitter-2.1.0.tgz",
      "integrity": "sha512-NB6Dk1A9xgQPMoGqC5CVXn123gWyte215ONT5Pp5a0yt4nlEoO1ZWeCwpncaekPHXO60i47ihFnZPiRPjRMq4Q=="
    },
    "node_modules/tweakpane": {
      "version": "4.0.3",
      "resolved": "https://registry.npmjs.org/tweakpane/-/tweakpane-4.0.3.tgz",
      "integrity": "sha512-BlcWOAe8oe4c+k9pmLBARGdWB6MVZMszayekkixQXTgkxTaYoTUpHpwVEp+3HkoamZkomodpbBf0CkguIHTgLg==",
      "funding": {
        "url": "https://github.com/sponsors/cocopon"
      }
    },
    "node_modules/typed-function": {
      "version": "4.1.1",
      "resolved": "https://registry.npmjs.org/typed-function/-/typed-function-4.1.1.tgz",
      "integrity": "sha512-Pq1DVubcvibmm8bYcMowjVnnMwPVMeh0DIdA8ad8NZY2sJgapANJmiigSUwlt+EgXxpfIv8MWrQXTIzkfYZLYQ==",
      "engines": {
        "node": ">= 14"
      }
    },
    "node_modules/vanjs-core": {
      "version": "1.4.1",
      "resolved": "https://registry.npmjs.org/vanjs-core/-/vanjs-core-1.4.1.tgz",
      "integrity": "sha512-DpSQzW9Py6ymBMg2mhBH7sp6QuAglcIAe+HKSOWvAjvqQrrw+7dxNmUeaowKFfYG9z0l6KC6O/YaHOXRJNUXAw=="
    }
  }
}
